{
  "requires": true,
  "lockfileVersion": 1,
  "dependencies": {
    "@ranfdev/deepobj": {
      "version": "1.0.2",
      "resolved": "https://registry.npmjs.org/@ranfdev/deepobj/-/deepobj-1.0.2.tgz",
      "integrity": "sha512-FM3y6kfJaj5MCoAjdv24EDCTDbuFz+4+pgAunbjYfugwIE4O/xx8mPNji1n/ouG8pHCntSnBr1xwTOensF23Gg=="
    },
    "bluebird": {
      "version": "3.7.1",
      "resolved": "https://registry.npmjs.org/bluebird/-/bluebird-3.7.1.tgz",
      "integrity": "sha512-DdmyoGCleJnkbp3nkbxTLJ18rjDsE4yCggEwKNXkeV123sPNfOCYeDoeuOY+F2FrSjO1YXcTU+dsy96KMy+gcg=="
    },
    "component-emitter": {
      "version": "1.3.0",
      "resolved": "https://registry.npmjs.org/component-emitter/-/component-emitter-1.3.0.tgz",
      "integrity": "sha512-Rd3se6QB+sO1TwqZjscQrurpEPIfO0/yYnSin6Q/rD3mOutHvUrCAhJub3r90uNb+SESBuE0QYoB90YdfatsRg=="
    },
    "crossfilter2": {
      "version": "1.5.0",
      "resolved": "https://registry.npmjs.org/crossfilter2/-/crossfilter2-1.5.0.tgz",
      "integrity": "sha512-ia2jwcYSqlAg75kCU89QlHKk9dYyxk5ODX5s4Rd09sUkopE99wz0Bzmty8tmKmEX+5RU4guRio/uPKXfDqkj2w==",
      "requires": {
        "@ranfdev/deepobj": "1.0.2"
      }
    },
    "csvtojson": {
      "version": "2.0.10",
      "resolved": "https://registry.npmjs.org/csvtojson/-/csvtojson-2.0.10.tgz",
      "integrity": "sha512-lUWFxGKyhraKCW8Qghz6Z0f2l/PqB1W3AO0HKJzGIQ5JRSlR651ekJDiGJbBT4sRNNv5ddnSGVEnsxP9XRCVpQ==",
      "requires": {
        "bluebird": "^3.5.1",
        "lodash": "^4.17.3",
        "strip-bom": "^2.0.0"
      }
    },
    "is-utf8": {
      "version": "0.2.1",
      "resolved": "https://registry.npmjs.org/is-utf8/-/is-utf8-0.2.1.tgz",
      "integrity": "sha1-Sw2hRCEE0bM2NA6AeX6GXPOffXI="
    },
    "keen-analysis": {
      "version": "3.4.6",
      "resolved": "https://registry.npmjs.org/keen-analysis/-/keen-analysis-3.4.6.tgz",
      "integrity": "sha512-6uMcJKleDL+AuWguJLHUI39O82dmDslcZaScn293t2NTaVpfAXG9LSV35BpBe88q3ewhM9rcvCZbyEX0JXv1DA==",
      "requires": {
        "crossfilter2": "^1.4.6",
        "csvtojson": "^2.0.8",
        "keen-core": "^0.2.0",
        "moment": "^2.22.2",
        "promise-polyfill": "^8.0.0",
        "whatwg-fetch": "^2.0.4"
      }
    },
    "keen-core": {
      "version": "0.2.0",
      "resolved": "https://registry.npmjs.org/keen-core/-/keen-core-0.2.0.tgz",
      "integrity": "sha1-WRD5MJtu8pAc00k7q1oYN7AKm1s=",
      "requires": {
        "component-emitter": "^1.2.0"
      }
    },
    "lodash": {
      "version": "4.17.15",
      "resolved": "https://registry.npmjs.org/lodash/-/lodash-4.17.15.tgz",
      "integrity": "sha512-8xOcRHvCjnocdS5cpwXQXVzmmh5e5+saE2QGoeQmbKmRS6J3VQppPOIt0MnmE+4xlZoumy0GPG0D0MVIQbNA1A=="
    },
    "moment": {
      "version": "2.24.0",
      "resolved": "https://registry.npmjs.org/moment/-/moment-2.24.0.tgz",
      "integrity": "sha512-bV7f+6l2QigeBBZSM/6yTNq4P2fNpSWj/0e7jQcy87A8e7o2nAfP/34/2ky5Vw4B9S446EtIhodAzkFCcR4dQg=="
    },
    "promise-polyfill": {
      "version": "8.1.3",
      "resolved": "https://registry.npmjs.org/promise-polyfill/-/promise-polyfill-8.1.3.tgz",
      "integrity": "sha512-MG5r82wBzh7pSKDRa9y+vllNHz3e3d4CNj1PQE4BQYxLme0gKYYBm9YENq+UkEikyZ0XbiGWxYlVw3Rl9O/U8g=="
    },
    "strip-bom": {
      "version": "2.0.0",
      "resolved": "https://registry.npmjs.org/strip-bom/-/strip-bom-2.0.0.tgz",
      "integrity": "sha1-YhmoVhZSBJHzV4i9vxRHqZx+aw4=",
      "requires": {
        "is-utf8": "^0.2.0"
      }
    },
    "whatwg-fetch": {
      "version": "2.0.4",
      "resolved": "https://registry.npmjs.org/whatwg-fetch/-/whatwg-fetch-2.0.4.tgz",
      "integrity": "sha512-dcQ1GWpOD/eEQ97k66aiEVpNnapVj90/+R+SXTPYGHpYBBypfKJEQjLrvMZ7YXbKm21gXd4NcuxUTjiv1YtLng=="
    }
  }
}
